// !$*UTF8*$!
{
	archiveVersion = 1;
	classes = {
	};
	objectVersion = 51;
	objects = {

/* Begin PBXBuildFile section */
		7009549F27317432009D2CBD /* AppDelegate.swift in Sources */ = {isa = PBXBuildFile; fileRef = 7009549E27317432009D2CBD /* AppDelegate.swift */; };
		700954A127317432009D2CBD /* SceneDelegate.swift in Sources */ = {isa = PBXBuildFile; fileRef = 700954A027317432009D2CBD /* SceneDelegate.swift */; };
		700954A327317432009D2CBD /* ViewController.swift in Sources */ = {isa = PBXBuildFile; fileRef = 700954A227317432009D2CBD /* ViewController.swift */; };
		700954A627317432009D2CBD /* Main.storyboard in Resources */ = {isa = PBXBuildFile; fileRef = 700954A427317432009D2CBD /* Main.storyboard */; };
		700954A827317432009D2CBD /* Assets.xcassets in Resources */ = {isa = PBXBuildFile; fileRef = 700954A727317432009D2CBD /* Assets.xcassets */; };
		700954AB27317432009D2CBD /* LaunchScreen.storyboard in Resources */ = {isa = PBXBuildFile; fileRef = 700954A927317432009D2CBD /* LaunchScreen.storyboard */; };
		7047A5632731755D00A37848 /* NetworkTools.swift in Sources */ = {isa = PBXBuildFile; fileRef = 7047A5622731755D00A37848 /* NetworkTools.swift */; };
		7047A566273177E200A37848 /* Test.swift in Sources */ = {isa = PBXBuildFile; fileRef = 7047A565273177E200A37848 /* Test.swift */; };
		707142E3273273BC00E052EA /* SwiftJsonViewController.swift in Sources */ = {isa = PBXBuildFile; fileRef = 707142E2273273BC00E052EA /* SwiftJsonViewController.swift */; };
		70A8066427323F4D0068DE99 /* NewsModel.swift in Sources */ = {isa = PBXBuildFile; fileRef = 70A8066327323F4D0068DE99 /* NewsModel.swift */; };
		70A806792732505F0068DE99 /* NewsTableViewCell.swift in Sources */ = {isa = PBXBuildFile; fileRef = 70A806782732505F0068DE99 /* NewsTableViewCell.swift */; };
		70A8067E273267390068DE99 /* UIColorExtension.swift in Sources */ = {isa = PBXBuildFile; fileRef = 70A8067D273267390068DE99 /* UIColorExtension.swift */; };
		C6C7566D5889F97341192232 /* Pods_TestSwiftDemo.framework in Frameworks */ = {isa = PBXBuildFile; fileRef = 776D932D81800F97088BC1D6 /* Pods_TestSwiftDemo.framework */; };
/* End PBXBuildFile section */

/* Begin PBXFileReference section */
		50E86B0C8CB06D8ACC98D771 /* Pods-TestSwiftDemo.release.xcconfig */ = {isa = PBXFileReference; includeInIndex = 1; lastKnownFileType = text.xcconfig; name = "Pods-TestSwiftDemo.release.xcconfig"; path = "Target Support Files/Pods-TestSwiftDemo/Pods-TestSwiftDemo.release.xcconfig"; sourceTree = "<group>"; };
		7009549B27317432009D2CBD /* TestSwiftDemo.app */ = {isa = PBXFileReference; explicitFileType = wrapper.application; includeInIndex = 0; path = TestSwiftDemo.app; sourceTree = BUILT_PRODUCTS_DIR; };
		7009549E27317432009D2CBD /* AppDelegate.swift */ = {isa = PBXFileReference; lastKnownFileType = sourcecode.swift; path = AppDelegate.swift; sourceTree = "<group>"; };
		700954A027317432009D2CBD /* SceneDelegate.swift */ = {isa = PBXFileReference; lastKnownFileType = sourcecode.swift; path = SceneDelegate.swift; sourceTree = "<group>"; };
		700954A227317432009D2CBD /* ViewController.swift */ = {isa = PBXFileReference; lastKnownFileType = sourcecode.swift; path = ViewController.swift; sourceTree = "<group>"; };
		700954A527317432009D2CBD /* Base */ = {isa = PBXFileReference; lastKnownFileType = file.storyboard; name = Base; path = Base.lproj/Main.storyboard; sourceTree = "<group>"; };
		700954A727317432009D2CBD /* Assets.xcassets */ = {isa = PBXFileReference; lastKnownFileType = folder.assetcatalog; path = Assets.xcassets; sourceTree = "<group>"; };
		700954AA27317432009D2CBD /* Base */ = {isa = PBXFileReference; lastKnownFileType = file.storyboard; name = Base; path = Base.lproj/LaunchScreen.storyboard; sourceTree = "<group>"; };
		700954AC27317432009D2CBD /* Info.plist */ = {isa = PBXFileReference; lastKnownFileType = text.plist.xml; path = Info.plist; sourceTree = "<group>"; };
		7047A5622731755D00A37848 /* NetworkTools.swift */ = {isa = PBXFileReference; lastKnownFileType = sourcecode.swift; path = NetworkTools.swift; sourceTree = "<group>"; };
		7047A565273177E200A37848 /* Test.swift */ = {isa = PBXFileReference; lastKnownFileType = sourcecode.swift; path = Test.swift; sourceTree = "<group>"; };
		707142E2273273BC00E052EA /* SwiftJsonViewController.swift */ = {isa = PBXFileReference; lastKnownFileType = sourcecode.swift; path = SwiftJsonViewController.swift; sourceTree = "<group>"; };
		70A8066327323F4D0068DE99 /* NewsModel.swift */ = {isa = PBXFileReference; fileEncoding = 4; lastKnownFileType = sourcecode.swift; path = NewsModel.swift; sourceTree = "<group>"; };
		70A806782732505F0068DE99 /* NewsTableViewCell.swift */ = {isa = PBXFileReference; lastKnownFileType = sourcecode.swift; path = NewsTableViewCell.swift; sourceTree = "<group>"; };
		70A8067D273267390068DE99 /* UIColorExtension.swift */ = {isa = PBXFileReference; fileEncoding = 4; lastKnownFileType = sourcecode.swift; path = UIColorExtension.swift; sourceTree = "<group>"; };
		776D932D81800F97088BC1D6 /* Pods_TestSwiftDemo.framework */ = {isa = PBXFileReference; explicitFileType = wrapper.framework; includeInIndex = 0; path = Pods_TestSwiftDemo.framework; sourceTree = BUILT_PRODUCTS_DIR; };
		E25C58FE72503ABDF17527B8 /* Pods-TestSwiftDemo.debug.xcconfig */ = {isa = PBXFileReference; includeInIndex = 1; lastKnownFileType = text.xcconfig; name = "Pods-TestSwiftDemo.debug.xcconfig"; path = "Target Support Files/Pods-TestSwiftDemo/Pods-TestSwiftDemo.debug.xcconfig"; sourceTree = "<group>"; };
/* End PBXFileReference section */

/* Begin PBXFrameworksBuildPhase section */
		7009549827317432009D2CBD /* Frameworks */ = {
			isa = PBXFrameworksBuildPhase;
			buildActionMask = 2147483647;
			files = (
				C6C7566D5889F97341192232 /* Pods_TestSwiftDemo.framework in Frameworks */,
			);
			runOnlyForDeploymentPostprocessing = 0;
		};
/* End PBXFrameworksBuildPhase section */

/* Begin PBXGroup section */
		7009549227317432009D2CBD = {
			isa = PBXGroup;
			children = (
				7009549D27317432009D2CBD /* TestSwiftDemo */,
				7009549C27317432009D2CBD /* Products */,
				A18FF1E2841EF479C3FC4A3E /* Pods */,
				B571919D234C556AA39200BF /* Frameworks */,
			);
			sourceTree = "<group>";
		};
		7009549C27317432009D2CBD /* Products */ = {
			isa = PBXGroup;
			children = (
				7009549B27317432009D2CBD /* TestSwiftDemo.app */,
			);
			name = Products;
			sourceTree = "<group>";
		};
		7009549D27317432009D2CBD /* TestSwiftDemo */ = {
			isa = PBXGroup;
			children = (
				707142E12732739C00E052EA /* TestSwiftJson */,
				70A8067C273267390068DE99 /* Extensions */,
				70A8066027323F4D0068DE99 /* Controllers */,
				70A8066227323F4D0068DE99 /* Model */,
				70A8066127323F4D0068DE99 /* Views */,
				7009549E27317432009D2CBD /* AppDelegate.swift */,
				700954A027317432009D2CBD /* SceneDelegate.swift */,
				700954A227317432009D2CBD /* ViewController.swift */,
				7047A5622731755D00A37848 /* NetworkTools.swift */,
				7047A565273177E200A37848 /* Test.swift */,
				700954A427317432009D2CBD /* Main.storyboard */,
				700954A727317432009D2CBD /* Assets.xcassets */,
				700954A927317432009D2CBD /* LaunchScreen.storyboard */,
				700954AC27317432009D2CBD /* Info.plist */,
			);
			path = TestSwiftDemo;
			sourceTree = "<group>";
		};
		707142E12732739C00E052EA /* TestSwiftJson */ = {
			isa = PBXGroup;
			children = (
				707142E2273273BC00E052EA /* SwiftJsonViewController.swift */,
			);
			path = TestSwiftJson;
			sourceTree = "<group>";
		};
		70A8066027323F4D0068DE99 /* Controllers */ = {
			isa = PBXGroup;
			children = (
			);
			path = Controllers;
			sourceTree = "<group>";
		};
		70A8066127323F4D0068DE99 /* Views */ = {
			isa = PBXGroup;
			children = (
				70A806782732505F0068DE99 /* NewsTableViewCell.swift */,
			);
			path = Views;
			sourceTree = "<group>";
		};
		70A8066227323F4D0068DE99 /* Model */ = {
			isa = PBXGroup;
			children = (
				70A8066327323F4D0068DE99 /* NewsModel.swift */,
			);
			path = Model;
			sourceTree = "<group>";
		};
		70A8067C273267390068DE99 /* Extensions */ = {
			isa = PBXGroup;
			children = (
				70A8067D273267390068DE99 /* UIColorExtension.swift */,
			);
			path = Extensions;
			sourceTree = "<group>";
		};
		A18FF1E2841EF479C3FC4A3E /* Pods */ = {
			isa = PBXGroup;
			children = (
				E25C58FE72503ABDF17527B8 /* Pods-TestSwiftDemo.debug.xcconfig */,
				50E86B0C8CB06D8ACC98D771 /* Pods-TestSwiftDemo.release.xcconfig */,
			);
			path = Pods;
			sourceTree = "<group>";
		};
		B571919D234C556AA39200BF /* Frameworks */ = {
			isa = PBXGroup;
			children = (
				776D932D81800F97088BC1D6 /* Pods_TestSwiftDemo.framework */,
			);
			name = Frameworks;
			sourceTree = "<group>";
		};
/* End PBXGroup section */

/* Begin PBXNativeTarget section */
		7009549A27317432009D2CBD /* TestSwiftDemo */ = {
			isa = PBXNativeTarget;
			buildConfigurationList = 700954AF27317432009D2CBD /* Build configuration list for PBXNativeTarget "TestSwiftDemo" */;
			buildPhases = (
				C6654057DCE5F23B04423FA3 /* [CP] Check Pods Manifest.lock */,
				7009549727317432009D2CBD /* Sources */,
				7009549827317432009D2CBD /* Frameworks */,
				7009549927317432009D2CBD /* Resources */,
				3DDD5BDB352B9F0A146E88FF /* [CP] Embed Pods Frameworks */,
			);
			buildRules = (
			);
			dependencies = (
			);
			name = TestSwiftDemo;
			productName = TestSwiftDemo;
			productReference = 7009549B27317432009D2CBD /* TestSwiftDemo.app */;
			productType = "com.apple.product-type.application";
		};
/* End PBXNativeTarget section */

/* Begin PBXProject section */
		7009549327317432009D2CBD /* Project object */ = {
			isa = PBXProject;
			attributes = {
				LastSwiftUpdateCheck = 1230;
				LastUpgradeCheck = 1230;
				TargetAttributes = {
					7009549A27317432009D2CBD = {
						CreatedOnToolsVersion = 12.3;
					};
				};
			};
			buildConfigurationList = 7009549627317432009D2CBD /* Build configuration list for PBXProject "TestSwiftDemo" */;
			compatibilityVersion = "Xcode 9.3";
			developmentRegion = en;
			hasScannedForEncodings = 0;
			knownRegions = (
				en,
				Base,
			);
			mainGroup = 7009549227317432009D2CBD;
			productRefGroup = 7009549C27317432009D2CBD /* Products */;
			projectDirPath = "";
			projectRoot = "";
			targets = (
				7009549A27317432009D2CBD /* TestSwiftDemo */,
			);
		};
/* End PBXProject section */

/* Begin PBXResourcesBuildPhase section */
		7009549927317432009D2CBD /* Resources */ = {
			isa = PBXResourcesBuildPhase;
			buildActionMask = 2147483647;
			files = (
				700954AB27317432009D2CBD /* LaunchScreen.storyboard in Resources */,
				700954A827317432009D2CBD /* Assets.xcassets in Resources */,
				700954A627317432009D2CBD /* Main.storyboard in Resources */,
			);
			runOnlyForDeploymentPostprocessing = 0;
		};
/* End PBXResourcesBuildPhase section */

/* Begin PBXShellScriptBuildPhase section */
		3DDD5BDB352B9F0A146E88FF /* [CP] Embed Pods Frameworks */ = {
			isa = PBXShellScriptBuildPhase;
			buildActionMask = 2147483647;
			files = (
			);
			inputFileListPaths = (
				"${PODS_ROOT}/Target Support Files/Pods-TestSwiftDemo/Pods-TestSwiftDemo-frameworks-${CONFIGURATION}-input-files.xcfilelist",
			);
			name = "[CP] Embed Pods Frameworks";
			outputFileListPaths = (
				"${PODS_ROOT}/Target Support Files/Pods-TestSwiftDemo/Pods-TestSwiftDemo-frameworks-${CONFIGURATION}-output-files.xcfilelist",
			);
			runOnlyForDeploymentPostprocessing = 0;
			shellPath = /bin/sh;
			shellScript = "\"${PODS_ROOT}/Target Support Files/Pods-TestSwiftDemo/Pods-TestSwiftDemo-frameworks.sh\"\n";
			showEnvVarsInLog = 0;
		};
		C6654057DCE5F23B04423FA3 /* [CP] Check Pods Manifest.lock */ = {
			isa = PBXShellScriptBuildPhase;
			buildActionMask = 2147483647;
			files = (
			);
			inputFileListPaths = (
			);
			inputPaths = (
				"${PODS_PODFILE_DIR_PATH}/Podfile.lock",
				"${PODS_ROOT}/Manifest.lock",
			);
			name = "[CP] Check Pods Manifest.lock";
			outputFileListPaths = (
			);
			outputPaths = (
				"$(DERIVED_FILE_DIR)/Pods-TestSwiftDemo-checkManifestLockResult.txt",
			);
			runOnlyForDeploymentPostprocessing = 0;
			shellPath = /bin/sh;
			shellScript = "diff \"${PODS_PODFILE_DIR_PATH}/Podfile.lock\" \"${PODS_ROOT}/Manifest.lock\" > /dev/null\nif [ $? != 0 ] ; then\n    # print error to STDERR\n    echo \"error: The sandbox is not in sync with the Podfile.lock. Run 'pod install' or update your CocoaPods installation.\" >&2\n    exit 1\nfi\n# This output is used by Xcode 'outputs' to avoid re-running this script phase.\necho \"SUCCESS\" > \"${SCRIPT_OUTPUT_FILE_0}\"\n";
			showEnvVarsInLog = 0;
		};
/* End PBXShellScriptBuildPhase section */

/* Begin PBXSourcesBuildPhase section */
		7009549727317432009D2CBD /* Sources */ = {
			isa = PBXSourcesBuildPhase;
			buildActionMask = 2147483647;
			files = (
				70A8066427323F4D0068DE99 /* NewsModel.swift in Sources */,
				70A806792732505F0068DE99 /* NewsTableViewCell.swift in Sources */,
				7047A5632731755D00A37848 /* NetworkTools.swift in Sources */,
				70A8067E273267390068DE99 /* UIColorExtension.swift in Sources */,
				700954A327317432009D2CBD /* ViewController.swift in Sources */,
				707142E3273273BC00E052EA /* SwiftJsonViewController.swift in Sources */,
				7047A566273177E200A37848 /* Test.swift in Sources */,
				7009549F27317432009D2CBD /* AppDelegate.swift in Sources */,
				700954A127317432009D2CBD /* SceneDelegate.swift in Sources */,
			);
			runOnlyForDeploymentPostprocessing = 0;
		};
/* End PBXSourcesBuildPhase section */

/* Begin PBXVariantGroup section */
		700954A427317432009D2CBD /* Main.storyboard */ = {
			isa = PBXVariantGroup;
			children = (
				700954A527317432009D2CBD /* Base */,
			);
			name = Main.storyboard;
			sourceTree = "<group>";
		};
		700954A927317432009D2CBD /* LaunchScreen.storyboard */ = {
			isa = PBXVariantGroup;
			children = (
				700954AA27317432009D2CBD /* Base */,
			);
			name = LaunchScreen.storyboard;
			sourceTree = "<group>";
		};
/* End PBXVariantGroup section */

/* Begin XCBuildConfiguration section */
		700954AD27317432009D2CBD /* Debug */ = {
			isa = XCBuildConfiguration;
			buildSettings = {
				ALWAYS_SEARCH_USER_PATHS = NO;
				CLANG_ANALYZER_NONNULL = YES;
				CLANG_ANALYZER_NUMBER_OBJECT_CONVERSION = YES_AGGRESSIVE;
				CLANG_CXX_LANGUAGE_STANDARD = "gnu++14";
				CLANG_CXX_LIBRARY = "libc++";
				CLANG_ENABLE_MODULES = YES;
				CLANG_ENABLE_OBJC_ARC = YES;
				CLANG_ENABLE_OBJC_WEAK = YES;
				CLANG_WARN_BLOCK_CAPTURE_AUTORELEASING = YES;
				CLANG_WARN_BOOL_CONVERSION = YES;
				CLANG_WARN_COMMA = YES;
				CLANG_WARN_CONSTANT_CONVERSION = YES;
				CLANG_WARN_DEPRECATED_OBJC_IMPLEMENTATIONS = YES;
				CLANG_WARN_DIRECT_OBJC_ISA_USAGE = YES_ERROR;
				CLANG_WARN_DOCUMENTATION_COMMENTS = YES;
				CLANG_WARN_EMPTY_BODY = YES;
				CLANG_WARN_ENUM_CONVERSION = YES;
				CLANG_WARN_INFINITE_RECURSION = YES;
				CLANG_WARN_INT_CONVERSION = YES;
				CLANG_WARN_NON_LITERAL_NULL_CONVERSION = YES;
				CLANG_WARN_OBJC_IMPLICIT_RETAIN_SELF = YES;
				CLANG_WARN_OBJC_LITERAL_CONVERSION = YES;
				CLANG_WARN_OBJC_ROOT_CLASS = YES_ERROR;
				CLANG_WARN_QUOTED_INCLUDE_IN_FRAMEWORK_HEADER = YES;
				CLANG_WARN_RANGE_LOOP_ANALYSIS = YES;
				CLANG_WARN_STRICT_PROTOTYPES = YES;
				CLANG_WARN_SUSPICIOUS_MOVE = YES;
				CLANG_WARN_UNGUARDED_AVAILABILITY = YES_AGGRESSIVE;
				CLANG_WARN_UNREACHABLE_CODE = YES;
				CLANG_WARN__DUPLICATE_METHOD_MATCH = YES;
				COPY_PHASE_STRIP = NO;
				DEBUG_INFORMATION_FORMAT = dwarf;
				ENABLE_STRICT_OBJC_MSGSEND = YES;
				ENABLE_TESTABILITY = YES;
				GCC_C_LANGUAGE_STANDARD = gnu11;
				GCC_DYNAMIC_NO_PIC = NO;
				GCC_NO_COMMON_BLOCKS = YES;
				GCC_OPTIMIZATION_LEVEL = 0;
				GCC_PREPROCESSOR_DEFINITIONS = (
					"DEBUG=1",
					"$(inherited)",
				);
				GCC_WARN_64_TO_32_BIT_CONVERSION = YES;
				GCC_WARN_ABOUT_RETURN_TYPE = YES_ERROR;
				GCC_WARN_UNDECLARED_SELECTOR = YES;
				GCC_WARN_UNINITIALIZED_AUTOS = YES_AGGRESSIVE;
				GCC_WARN_UNUSED_FUNCTION = YES;
				GCC_WARN_UNUSED_VARIABLE = YES;
				IPHONEOS_DEPLOYMENT_TARGET = 14.3;
				MTL_ENABLE_DEBUG_INFO = INCLUDE_SOURCE;
				MTL_FAST_MATH = YES;
				ONLY_ACTIVE_ARCH = YES;
				SDKROOT = iphoneos;
				SWIFT_ACTIVE_COMPILATION_CONDITIONS = DEBUG;
				SWIFT_OPTIMIZATION_LEVEL = "-Onone";
			};
			name = Debug;
		};
		700954AE27317432009D2CBD /* Release */ = {
			isa = XCBuildConfiguration;
			buildSettings = {
				ALWAYS_SEARCH_USER_PATHS = NO;
				CLANG_ANALYZER_NONNULL = YES;
				CLANG_ANALYZER_NUMBER_OBJECT_CONVERSION = YES_AGGRESSIVE;
				CLANG_CXX_LANGUAGE_STANDARD = "gnu++14";
				CLANG_CXX_LIBRARY = "libc++";
				CLANG_ENABLE_MODULES = YES;
				CLANG_ENABLE_OBJC_ARC = YES;
				CLANG_ENABLE_OBJC_WEAK = YES;
				CLANG_WARN_BLOCK_CAPTURE_AUTORELEASING = YES;
				CLANG_WARN_BOOL_CONVERSION = YES;
				CLANG_WARN_COMMA = YES;
				CLANG_WARN_CONSTANT_CONVERSION = YES;
				CLANG_WARN_DEPRECATED_OBJC_IMPLEMENTATIONS = YES;
				CLANG_WARN_DIRECT_OBJC_ISA_USAGE = YES_ERROR;
				CLANG_WARN_DOCUMENTATION_COMMENTS = YES;
				CLANG_WARN_EMPTY_BODY = YES;
				CLANG_WARN_ENUM_CONVERSION = YES;
				CLANG_WARN_INFINITE_RECURSION = YES;
				CLANG_WARN_INT_CONVERSION = YES;
				CLANG_WARN_NON_LITERAL_NULL_CONVERSION = YES;
				CLANG_WARN_OBJC_IMPLICIT_RETAIN_SELF = YES;
				CLANG_WARN_OBJC_LITERAL_CONVERSION = YES;
				CLANG_WARN_OBJC_ROOT_CLASS = YES_ERROR;
				CLANG_WARN_QUOTED_INCLUDE_IN_FRAMEWORK_HEADER = YES;
				CLANG_WARN_RANGE_LOOP_ANALYSIS = YES;
				CLANG_WARN_STRICT_PROTOTYPES = YES;
				CLANG_WARN_SUSPICIOUS_MOVE = YES;
				CLANG_WARN_UNGUARDED_AVAILABILITY = YES_AGGRESSIVE;
				CLANG_WARN_UNREACHABLE_CODE = YES;
				CLANG_WARN__DUPLICATE_METHOD_MATCH = YES;
				COPY_PHASE_STRIP = NO;
				DEBUG_INFORMATION_FORMAT = "dwarf-with-dsym";
				ENABLE_NS_ASSERTIONS = NO;
				ENABLE_STRICT_OBJC_MSGSEND = YES;
				GCC_C_LANGUAGE_STANDARD = gnu11;
				GCC_NO_COMMON_BLOCKS = YES;
				GCC_WARN_64_TO_32_BIT_CONVERSION = YES;
				GCC_WARN_ABOUT_RETURN_TYPE = YES_ERROR;
				GCC_WARN_UNDECLARED_SELECTOR = YES;
				GCC_WARN_UNINITIALIZED_AUTOS = YES_AGGRESSIVE;
				GCC_WARN_UNUSED_FUNCTION = YES;
				GCC_WARN_UNUSED_VARIABLE = YES;
				IPHONEOS_DEPLOYMENT_TARGET = 14.3;
				MTL_ENABLE_DEBUG_INFO = NO;
				MTL_FAST_MATH = YES;
				SDKROOT = iphoneos;
				SWIFT_COMPILATION_MODE = wholemodule;
				SWIFT_OPTIMIZATION_LEVEL = "-O";
				VALIDATE_PRODUCT = YES;
			};
			name = Release;
		};
		700954B027317432009D2CBD /* Debug */ = {
			isa = XCBuildConfiguration;
			baseConfigurationReference = E25C58FE72503ABDF17527B8 /* Pods-TestSwiftDemo.debug.xcconfig */;
			buildSettings = {
				ASSETCATALOG_COMPILER_APPICON_NAME = AppIcon;
				ASSETCATALOG_COMPILER_GLOBAL_ACCENT_COLOR_NAME = AccentColor;
				CODE_SIGN_STYLE = Automatic;
				DEVELOPMENT_TEAM = YR55ASR2CN;
				INFOPLIST_FILE = TestSwiftDemo/Info.plist;
				LD_RUNPATH_SEARCH_PATHS = (
					"$(inherited)",
					"@executable_path/Frameworks",
				);
				PRODUCT_BUNDLE_IDENTIFIER = cuilinhao.com.cn.TestSwiftDemo;
				PRODUCT_NAME = "$(TARGET_NAME)";
				SWIFT_VERSION = 4.0;
				TARGETED_DEVICE_FAMILY = "1,2";
			};
			name = Debug;
		};
		700954B127317432009D2CBD /* Release */ = {
			isa = XCBuildConfiguration;
			baseConfigurationReference = 50E86B0C8CB06D8ACC98D771 /* Pods-TestSwiftDemo.release.xcconfig */;
			buildSettings = {
				ASSETCATALOG_COMPILER_APPICON_NAME = AppIcon;
				ASSETCATALOG_COMPILER_GLOBAL_ACCENT_COLOR_NAME = AccentColor;
				CODE_SIGN_STYLE = Automatic;
				DEVELOPMENT_TEAM = YR55ASR2CN;
				INFOPLIST_FILE = TestSwiftDemo/Info.plist;
				LD_RUNPATH_SEARCH_PATHS = (
					"$(inherited)",
					"@executable_path/Frameworks",
				);
				PRODUCT_BUNDLE_IDENTIFIER = cuilinhao.com.cn.TestSwiftDemo;
				PRODUCT_NAME = "$(TARGET_NAME)";
				SWIFT_VERSION = 4.0;
				TARGETED_DEVICE_FAMILY = "1,2";
			};
			name = Release;
		};
/* End XCBuildConfiguration section */

/* Begin XCConfigurationList section */
		7009549627317432009D2CBD /* Build configuration list for PBXProject "TestSwiftDemo" */ = {
			isa = XCConfigurationList;
			buildConfigurations = (
				700954AD27317432009D2CBD /* Debug */,
				700954AE27317432009D2CBD /* Release */,
			);
			defaultConfigurationIsVisible = 0;
			defaultConfigurationName = Release;
		};
		700954AF27317432009D2CBD /* Build configuration list for PBXNativeTarget "TestSwiftDemo" */ = {
			isa = XCConfigurationList;
			buildConfigurations = (
				700954B027317432009D2CBD /* Debug */,
				700954B127317432009D2CBD /* Release */,
			);
			defaultConfigurationIsVisible = 0;
			defaultConfigurationName = Release;
		};
/* End XCConfigurationList section */
	};
	rootObject = 7009549327317432009D2CBD /* Project object */;
}
